{
  "version": 4,
  "terraform_version": "1.14.3",
  "serial": 27,
  "lineage": "868c0178-d894-e99c-95db-6e78e209a264",
  "outputs": {},
  "resources": [
    {
      "module": "module.jenkins",
      "mode": "managed",
      "type": "aws_instance",
      "name": "jenkins_ec2_instance_ip",
      "provider": "provider[\"registry.terraform.io/hashicorp/aws\"]",
      "instances": [
        {
          "schema_version": 2,
          "attributes": {
            "ami": "ami-049442a6cf8319180",
            "arn": "arn:aws:ec2:eu-west-1:590183986560:instance/i-01b9ae2a9998d98d3",
            "associate_public_ip_address": true,
            "availability_zone": "eu-west-1a",
            "capacity_reservation_specification": [
              {
                "capacity_reservation_preference": "open",
                "capacity_reservation_target": []
              }
            ],
            "cpu_options": [
              {
                "amd_sev_snp": "",
                "core_count": 2,
                "threads_per_core": 1
              }
            ],
            "credit_specification": [
              {
                "cpu_credits": "standard"
              }
            ],
            "disable_api_stop": false,
            "disable_api_termination": false,
            "ebs_block_device": [],
            "ebs_optimized": false,
            "enable_primary_ipv6": null,
            "enclave_options": [
              {
                "enabled": false
              }
            ],
            "ephemeral_block_device": [],
            "force_destroy": false,
            "get_password_data": false,
            "hibernation": false,
            "host_id": "",
            "host_resource_group_arn": null,
            "iam_instance_profile": "",
            "id": "i-01b9ae2a9998d98d3",
            "instance_initiated_shutdown_behavior": "stop",
            "instance_lifecycle": "",
            "instance_market_options": [],
            "instance_state": "running",
            "instance_type": "t2.medium",
            "ipv6_address_count": 0,
            "ipv6_addresses": [],
            "key_name": "id_ed25519",
            "launch_template": [],
            "maintenance_options": [
              {
                "auto_recovery": "default"
              }
            ],
            "metadata_options": [
              {
                "http_endpoint": "enabled",
                "http_protocol_ipv6": "disabled",
                "http_put_response_hop_limit": 2,
                "http_tokens": "required",
                "instance_metadata_tags": "disabled"
              }
            ],
            "monitoring": false,
            "network_interface": [],
            "outpost_arn": "",
            "password_data": "",
            "placement_group": "",
            "placement_group_id": "",
            "placement_partition_number": 0,
            "primary_network_interface": [
              {
                "delete_on_termination": true,
                "network_interface_id": "eni-05dcea5b50e480a26"
              }
            ],
            "primary_network_interface_id": "eni-05dcea5b50e480a26",
            "private_dns": "ip-11-0-1-162.eu-west-1.compute.internal",
            "private_dns_name_options": [
              {
                "enable_resource_name_dns_a_record": false,
                "enable_resource_name_dns_aaaa_record": false,
                "hostname_type": "ip-name"
              }
            ],
            "private_ip": "11.0.1.162",
            "public_dns": "",
            "public_ip": "34.254.19.154",
            "region": "eu-west-1",
            "root_block_device": [
              {
                "delete_on_termination": true,
                "device_name": "/dev/sda1",
                "encrypted": false,
                "iops": 3000,
                "kms_key_id": "",
                "tags": {},
                "tags_all": {},
                "throughput": 125,
                "volume_id": "vol-053fd3f25767366d5",
                "volume_size": 8,
                "volume_type": "gp3"
              }
            ],
            "secondary_private_ips": [],
            "security_groups": [],
            "source_dest_check": true,
            "spot_instance_request_id": "",
            "subnet_id": "subnet-0111372e6c1b61d66",
            "tags": {
              "Name": "Jenkins-Ubuntu Linux Ec2"
            },
            "tags_all": {
              "Name": "Jenkins-Ubuntu Linux Ec2"
            },
            "tenancy": "default",
            "timeouts": null,
            "user_data": "#!/bin/bash\nset -e\n\n# Update system\nsudo apt-get update -y\n\n# Install Java 17 (required for modern Jenkins)\nsudo apt-get install -y openjdk-17-jdk\n\n# Add Jenkins repository and key (current method)\ncurl -fsSL https://pkg.jenkins.io/debian-stable/jenkins.io-2023.key | \\\n  sudo tee /usr/share/keyrings/jenkins-keyring.asc \u003e /dev/null\n\necho deb [signed-by=/usr/share/keyrings/jenkins-keyring.asc] \\\n  https://pkg.jenkins.io/debian-stable binary/ | \\\n  sudo tee /etc/apt/sources.list.d/jenkins.list \u003e /dev/null\n\n# Install Jenkins\nsudo apt-get update -y\nsudo apt-get install -y jenkins\n\n# Enable and start Jenkins\nsudo systemctl enable jenkins\nsudo systemctl start jenkins\n\n# Install required tools\nsudo apt-get install -y unzip curl\n\n# Install latest Terraform (64-bit)\nTERRAFORM_VERSION=\"1.8.5\"\nwget https://releases.hashicorp.com/terraform/1.6.5/terraform_1.6.5_linux_amd64.zip\n\nunzip terraform_1.6.5_linux_amd64.zip\nsudo mv terraform /usr/local/bin/\nrm terraform_1.6.5_linux_amd64.zip\n\n# Verify installations\njava -version\njenkins --version\nterraform -version\n",
            "user_data_base64": null,
            "user_data_replace_on_change": false,
            "volume_tags": null,
            "vpc_security_group_ids": [
              "sg-067183d98443204d9",
              "sg-0d54fb5df344256e4"
            ]
          },
          "sensitive_attributes": [],
          "identity_schema_version": 0,
          "identity": {
            "account_id": "590183986560",
            "id": "i-01b9ae2a9998d98d3",
            "region": "eu-west-1"
          },
          "private": "eyJlMmJmYjczMC1lY2FhLTExZTYtOGY4OC0zNDM2M2JjN2M0YzAiOnsiY3JlYXRlIjo2MDAwMDAwMDAwMDAsImRlbGV0ZSI6MTIwMDAwMDAwMDAwMCwicmVhZCI6OTAwMDAwMDAwMDAwLCJ1cGRhdGUiOjYwMDAwMDAwMDAwMH0sInNjaGVtYV92ZXJzaW9uIjoiMiJ9",
          "dependencies": [
            "module.jenkins.aws_key_pair.jenkins_ec2_instance_public_key",
            "module.networking.aws_subnet.dev_proj_1_public_subnets",
            "module.networking.aws_vpc.dev_proj_1_vpc_eu_central_1",
            "module.security_group.aws_security_group.ec2_jenkins_port_8080",
            "module.security_group.aws_security_group.ec2_sg_ssh_http"
          ]
        }
      ]
    },
    {
      "module": "module.jenkins",
      "mode": "managed",
      "type": "aws_key_pair",
      "name": "jenkins_ec2_instance_public_key",
      "provider": "provider[\"registry.terraform.io/hashicorp/aws\"]",
      "instances": [
        {
          "schema_version": 1,
          "attributes": {
            "arn": "arn:aws:ec2:eu-west-1:590183986560:key-pair/id_ed25519",
            "fingerprint": "+bePI6RFl/f7JyDawPttT0iVVHegElX6mw877bTiB+M=",
            "id": "id_ed25519",
            "key_name": "id_ed25519",
            "key_name_prefix": "",
            "key_pair_id": "key-0fa974b2d46597f32",
            "key_type": "ed25519",
            "public_key": "ssh-ed25519 AAAAC3NzaC1lZDI1NTE5AAAAIOrF5t7JpwLdGxYruT8c+oIVhY5+KIS+zE6IMvwhNlPc kshitiz@server",
            "region": "eu-west-1",
            "tags": {},
            "tags_all": {}
          },
          "sensitive_attributes": [],
          "identity_schema_version": 0,
          "private": "eyJzY2hlbWFfdmVyc2lvbiI6IjEifQ=="
        }
      ]
    },
    {
      "module": "module.lb_target-group",
      "mode": "managed",
      "type": "aws_lb_target_group",
      "name": "dev_proj_1_lb_target_group",
      "provider": "provider[\"registry.terraform.io/hashicorp/aws\"]",
      "instances": [
        {
          "schema_version": 0,
          "attributes": {
            "arn": "arn:aws:elasticloadbalancing:eu-west-1:590183986560:targetgroup/jenkins-lb-target-group/b7bc7856506ae5ea",
            "arn_suffix": "targetgroup/jenkins-lb-target-group/b7bc7856506ae5ea",
            "connection_termination": null,
            "deregistration_delay": "300",
            "health_check": [
              {
                "enabled": true,
                "healthy_threshold": 6,
                "interval": 5,
                "matcher": "200",
                "path": "/login",
                "port": "8080",
                "protocol": "HTTP",
                "timeout": 2,
                "unhealthy_threshold": 2
              }
            ],
            "id": "arn:aws:elasticloadbalancing:eu-west-1:590183986560:targetgroup/jenkins-lb-target-group/b7bc7856506ae5ea",
            "ip_address_type": "ipv4",
            "lambda_multi_value_headers_enabled": false,
            "load_balancer_arns": [],
            "load_balancing_algorithm_type": "round_robin",
            "load_balancing_anomaly_mitigation": "off",
            "load_balancing_cross_zone_enabled": "use_load_balancer_configuration",
            "name": "jenkins-lb-target-group",
            "name_prefix": "",
            "port": 8080,
            "preserve_client_ip": null,
            "protocol": "HTTP",
            "protocol_version": "HTTP1",
            "proxy_protocol_v2": false,
            "region": "eu-west-1",
            "slow_start": 0,
            "stickiness": [
              {
                "cookie_duration": 86400,
                "cookie_name": "",
                "enabled": false,
                "type": "lb_cookie"
              }
            ],
            "tags": null,
            "tags_all": {},
            "target_control_port": 0,
            "target_failover": [
              {
                "on_deregistration": null,
                "on_unhealthy": null
              }
            ],
            "target_group_health": [
              {
                "dns_failover": [
                  {
                    "minimum_healthy_targets_count": "1",
                    "minimum_healthy_targets_percentage": "off"
                  }
                ],
                "unhealthy_state_routing": [
                  {
                    "minimum_healthy_targets_count": 1,
                    "minimum_healthy_targets_percentage": "off"
                  }
                ]
              }
            ],
            "target_health_state": [
              {
                "enable_unhealthy_connection_termination": null,
                "unhealthy_draining_interval": null
              }
            ],
            "target_type": "instance",
            "vpc_id": "vpc-05ed43ac0ad31b3cf"
          },
          "sensitive_attributes": [],
          "identity_schema_version": 0,
          "identity": {
            "arn": "arn:aws:elasticloadbalancing:eu-west-1:590183986560:targetgroup/jenkins-lb-target-group/b7bc7856506ae5ea"
          },
          "private": "bnVsbA==",
          "dependencies": [
            "module.networking.aws_vpc.dev_proj_1_vpc_eu_central_1"
          ]
        }
      ]
    },
    {
      "module": "module.lb_target-group",
      "mode": "managed",
      "type": "aws_lb_target_group_attachment",
      "name": "dev_proj_1_lb_target_group_attachment",
      "provider": "provider[\"registry.terraform.io/hashicorp/aws\"]",
      "instances": [
        {
          "schema_version": 0,
          "attributes": {
            "availability_zone": null,
            "id": "arn:aws:elasticloadbalancing:eu-west-1:590183986560:targetgroup/jenkins-lb-target-group/b7bc7856506ae5ea-20251230102149671100000001",
            "port": 8080,
            "region": "eu-west-1",
            "target_group_arn": "arn:aws:elasticloadbalancing:eu-west-1:590183986560:targetgroup/jenkins-lb-target-group/b7bc7856506ae5ea",
            "target_id": "i-01b9ae2a9998d98d3"
          },
          "sensitive_attributes": [],
          "identity_schema_version": 0,
          "private": "bnVsbA==",
          "dependencies": [
            "module.jenkins.aws_instance.jenkins_ec2_instance_ip",
            "module.jenkins.aws_key_pair.jenkins_ec2_instance_public_key",
            "module.lb_target-group.aws_lb_target_group.dev_proj_1_lb_target_group",
            "module.networking.aws_subnet.dev_proj_1_public_subnets",
            "module.networking.aws_vpc.dev_proj_1_vpc_eu_central_1",
            "module.security_group.aws_security_group.ec2_jenkins_port_8080",
            "module.security_group.aws_security_group.ec2_sg_ssh_http"
          ]
        }
      ]
    },
    {
      "module": "module.networking",
      "mode": "managed",
      "type": "aws_internet_gateway",
      "name": "dev_project_1_public_internet_gateway",
      "provider": "provider[\"registry.terraform.io/hashicorp/aws\"]",
      "instances": [
        {
          "schema_version": 0,
          "attributes": {
            "arn": "arn:aws:ec2:eu-west-1:590183986560:internet-gateway/igw-0f920943ff2fe3c71",
            "id": "igw-0f920943ff2fe3c71",
            "owner_id": "590183986560",
            "region": "eu-west-1",
            "tags": {
              "Name": "dev-project-1-igw"
            },
            "tags_all": {
              "Name": "dev-project-1-igw"
            },
            "timeouts": null,
            "vpc_id": "vpc-05ed43ac0ad31b3cf"
          },
          "sensitive_attributes": [],
          "identity_schema_version": 0,
          "private": "eyJlMmJmYjczMC1lY2FhLTExZTYtOGY4OC0zNDM2M2JjN2M0YzAiOnsiY3JlYXRlIjoxMjAwMDAwMDAwMDAwLCJkZWxldGUiOjEyMDAwMDAwMDAwMDAsInVwZGF0ZSI6MTIwMDAwMDAwMDAwMH19",
          "dependencies": [
            "module.networking.aws_vpc.dev_proj_1_vpc_eu_central_1"
          ]
        }
      ]
    },
    {
      "module": "module.networking",
      "mode": "managed",
      "type": "aws_route_table",
      "name": "dev_proj_1_private_route_table",
      "provider": "provider[\"registry.terraform.io/hashicorp/aws\"]",
      "instances": [
        {
          "schema_version": 0,
          "attributes": {
            "arn": "arn:aws:ec2:eu-west-1:590183986560:route-table/rtb-078e73f3f5f99f074",
            "id": "rtb-078e73f3f5f99f074",
            "owner_id": "590183986560",
            "propagating_vgws": [],
            "region": "eu-west-1",
            "route": [],
            "tags": {
              "Name": "dev-proj-1-private-rt"
            },
            "tags_all": {
              "Name": "dev-proj-1-private-rt"
            },
            "timeouts": null,
            "vpc_id": "vpc-05ed43ac0ad31b3cf"
          },
          "sensitive_attributes": [],
          "identity_schema_version": 0,
          "identity": {
            "account_id": "590183986560",
            "id": "rtb-078e73f3f5f99f074",
            "region": "eu-west-1"
          },
          "private": "eyJlMmJmYjczMC1lY2FhLTExZTYtOGY4OC0zNDM2M2JjN2M0YzAiOnsiY3JlYXRlIjozMDAwMDAwMDAwMDAsImRlbGV0ZSI6MzAwMDAwMDAwMDAwLCJ1cGRhdGUiOjEyMDAwMDAwMDAwMH19",
          "dependencies": [
            "module.networking.aws_vpc.dev_proj_1_vpc_eu_central_1"
          ]
        }
      ]
    },
    {
      "module": "module.networking",
      "mode": "managed",
      "type": "aws_route_table",
      "name": "dev_proj_1_public_route_table",
      "provider": "provider[\"registry.terraform.io/hashicorp/aws\"]",
      "instances": [
        {
          "schema_version": 0,
          "attributes": {
            "arn": "arn:aws:ec2:eu-west-1:590183986560:route-table/rtb-08cf4cbbd7eacb681",
            "id": "rtb-08cf4cbbd7eacb681",
            "owner_id": "590183986560",
            "propagating_vgws": [],
            "region": "eu-west-1",
            "route": [
              {
                "carrier_gateway_id": "",
                "cidr_block": "0.0.0.0/0",
                "core_network_arn": "",
                "destination_prefix_list_id": "",
                "egress_only_gateway_id": "",
                "gateway_id": "igw-0f920943ff2fe3c71",
                "ipv6_cidr_block": "",
                "local_gateway_id": "",
                "nat_gateway_id": "",
                "network_interface_id": "",
                "transit_gateway_id": "",
                "vpc_endpoint_id": "",
                "vpc_peering_connection_id": ""
              }
            ],
            "tags": {
              "Name": "dev-proj-1-public-rt"
            },
            "tags_all": {
              "Name": "dev-proj-1-public-rt"
            },
            "timeouts": null,
            "vpc_id": "vpc-05ed43ac0ad31b3cf"
          },
          "sensitive_attributes": [],
          "identity_schema_version": 0,
          "identity": {
            "account_id": "590183986560",
            "id": "rtb-08cf4cbbd7eacb681",
            "region": "eu-west-1"
          },
          "private": "eyJlMmJmYjczMC1lY2FhLTExZTYtOGY4OC0zNDM2M2JjN2M0YzAiOnsiY3JlYXRlIjozMDAwMDAwMDAwMDAsImRlbGV0ZSI6MzAwMDAwMDAwMDAwLCJ1cGRhdGUiOjEyMDAwMDAwMDAwMH19",
          "dependencies": [
            "module.networking.aws_internet_gateway.dev_project_1_public_internet_gateway",
            "module.networking.aws_vpc.dev_proj_1_vpc_eu_central_1"
          ]
        }
      ]
    },
    {
      "module": "module.networking",
      "mode": "managed",
      "type": "aws_route_table_association",
      "name": "dev_proj_1_private_route_table_association",
      "provider": "provider[\"registry.terraform.io/hashicorp/aws\"]",
      "instances": [
        {
          "index_key": 0,
          "schema_version": 0,
          "attributes": {
            "gateway_id": "",
            "id": "rtbassoc-02f3af6e9ae6b27fa",
            "region": "eu-west-1",
            "route_table_id": "rtb-078e73f3f5f99f074",
            "subnet_id": "subnet-02eeffc8813e38cc1",
            "timeouts": null
          },
          "sensitive_attributes": [],
          "identity_schema_version": 0,
          "private": "eyJlMmJmYjczMC1lY2FhLTExZTYtOGY4OC0zNDM2M2JjN2M0YzAiOnsiY3JlYXRlIjozMDAwMDAwMDAwMDAsImRlbGV0ZSI6MzAwMDAwMDAwMDAwLCJ1cGRhdGUiOjEyMDAwMDAwMDAwMH19",
          "dependencies": [
            "module.networking.aws_route_table.dev_proj_1_private_route_table",
            "module.networking.aws_subnet.dev_proj_1_private_subnets",
            "module.networking.aws_vpc.dev_proj_1_vpc_eu_central_1"
          ]
        },
        {
          "index_key": 1,
          "schema_version": 0,
          "attributes": {
            "gateway_id": "",
            "id": "rtbassoc-083af793e73c4dffc",
            "region": "eu-west-1",
            "route_table_id": "rtb-078e73f3f5f99f074",
            "subnet_id": "subnet-033e0426a3a44036c",
            "timeouts": null
          },
          "sensitive_attributes": [],
          "identity_schema_version": 0,
          "private": "eyJlMmJmYjczMC1lY2FhLTExZTYtOGY4OC0zNDM2M2JjN2M0YzAiOnsiY3JlYXRlIjozMDAwMDAwMDAwMDAsImRlbGV0ZSI6MzAwMDAwMDAwMDAwLCJ1cGRhdGUiOjEyMDAwMDAwMDAwMH19",
          "dependencies": [
            "module.networking.aws_route_table.dev_proj_1_private_route_table",
            "module.networking.aws_subnet.dev_proj_1_private_subnets",
            "module.networking.aws_vpc.dev_proj_1_vpc_eu_central_1"
          ]
        }
      ]
    },
    {
      "module": "module.networking",
      "mode": "managed",
      "type": "aws_route_table_association",
      "name": "dev_proj_1_public_route_table_association",
      "provider": "provider[\"registry.terraform.io/hashicorp/aws\"]",
      "instances": [
        {
          "index_key": 0,
          "schema_version": 0,
          "attributes": {
            "gateway_id": "",
            "id": "rtbassoc-0d915e1ea805deed9",
            "region": "eu-west-1",
            "route_table_id": "rtb-08cf4cbbd7eacb681",
            "subnet_id": "subnet-0111372e6c1b61d66",
            "timeouts": null
          },
          "sensitive_attributes": [],
          "identity_schema_version": 0,
          "private": "eyJlMmJmYjczMC1lY2FhLTExZTYtOGY4OC0zNDM2M2JjN2M0YzAiOnsiY3JlYXRlIjozMDAwMDAwMDAwMDAsImRlbGV0ZSI6MzAwMDAwMDAwMDAwLCJ1cGRhdGUiOjEyMDAwMDAwMDAwMH19",
          "dependencies": [
            "module.networking.aws_internet_gateway.dev_project_1_public_internet_gateway",
            "module.networking.aws_route_table.dev_proj_1_public_route_table",
            "module.networking.aws_subnet.dev_proj_1_public_subnets",
            "module.networking.aws_vpc.dev_proj_1_vpc_eu_central_1"
          ]
        },
        {
          "index_key": 1,
          "schema_version": 0,
          "attributes": {
            "gateway_id": "",
            "id": "rtbassoc-04ad5de68ecf73315",
            "region": "eu-west-1",
            "route_table_id": "rtb-08cf4cbbd7eacb681",
            "subnet_id": "subnet-0287861b60d087f2f",
            "timeouts": null
          },
          "sensitive_attributes": [],
          "identity_schema_version": 0,
          "private": "eyJlMmJmYjczMC1lY2FhLTExZTYtOGY4OC0zNDM2M2JjN2M0YzAiOnsiY3JlYXRlIjozMDAwMDAwMDAwMDAsImRlbGV0ZSI6MzAwMDAwMDAwMDAwLCJ1cGRhdGUiOjEyMDAwMDAwMDAwMH19",
          "dependencies": [
            "module.networking.aws_internet_gateway.dev_project_1_public_internet_gateway",
            "module.networking.aws_route_table.dev_proj_1_public_route_table",
            "module.networking.aws_subnet.dev_proj_1_public_subnets",
            "module.networking.aws_vpc.dev_proj_1_vpc_eu_central_1"
          ]
        }
      ]
    },
    {
      "module": "module.networking",
      "mode": "managed",
      "type": "aws_subnet",
      "name": "dev_proj_1_private_subnets",
      "provider": "provider[\"registry.terraform.io/hashicorp/aws\"]",
      "instances": [
        {
          "index_key": 0,
          "schema_version": 1,
          "attributes": {
            "arn": "arn:aws:ec2:eu-west-1:590183986560:subnet/subnet-02eeffc8813e38cc1",
            "assign_ipv6_address_on_creation": false,
            "availability_zone": "eu-west-1a",
            "availability_zone_id": "euw1-az1",
            "cidr_block": "11.0.3.0/24",
            "customer_owned_ipv4_pool": "",
            "enable_dns64": false,
            "enable_lni_at_device_index": 0,
            "enable_resource_name_dns_a_record_on_launch": false,
            "enable_resource_name_dns_aaaa_record_on_launch": false,
            "id": "subnet-02eeffc8813e38cc1",
            "ipv6_cidr_block": "",
            "ipv6_cidr_block_association_id": "",
            "ipv6_native": false,
            "map_customer_owned_ip_on_launch": false,
            "map_public_ip_on_launch": false,
            "outpost_arn": "",
            "owner_id": "590183986560",
            "private_dns_hostname_type_on_launch": "ip-name",
            "region": "eu-west-1",
            "tags": {
              "Name": "dev-proj-private-subnet-1"
            },
            "tags_all": {
              "Name": "dev-proj-private-subnet-1"
            },
            "timeouts": null,
            "vpc_id": "vpc-05ed43ac0ad31b3cf"
          },
          "sensitive_attributes": [],
          "identity_schema_version": 0,
          "identity": {
            "account_id": "590183986560",
            "id": "subnet-02eeffc8813e38cc1",
            "region": "eu-west-1"
          },
          "private": "eyJlMmJmYjczMC1lY2FhLTExZTYtOGY4OC0zNDM2M2JjN2M0YzAiOnsiY3JlYXRlIjo2MDAwMDAwMDAwMDAsImRlbGV0ZSI6MTIwMDAwMDAwMDAwMH0sInNjaGVtYV92ZXJzaW9uIjoiMSJ9",
          "dependencies": [
            "module.networking.aws_vpc.dev_proj_1_vpc_eu_central_1"
          ]
        },
        {
          "index_key": 1,
          "schema_version": 1,
          "attributes": {
            "arn": "arn:aws:ec2:eu-west-1:590183986560:subnet/subnet-033e0426a3a44036c",
            "assign_ipv6_address_on_creation": false,
            "availability_zone": "eu-west-1b",
            "availability_zone_id": "euw1-az2",
            "cidr_block": "11.0.4.0/24",
            "customer_owned_ipv4_pool": "",
            "enable_dns64": false,
            "enable_lni_at_device_index": 0,
            "enable_resource_name_dns_a_record_on_launch": false,
            "enable_resource_name_dns_aaaa_record_on_launch": false,
            "id": "subnet-033e0426a3a44036c",
            "ipv6_cidr_block": "",
            "ipv6_cidr_block_association_id": "",
            "ipv6_native": false,
            "map_customer_owned_ip_on_launch": false,
            "map_public_ip_on_launch": false,
            "outpost_arn": "",
            "owner_id": "590183986560",
            "private_dns_hostname_type_on_launch": "ip-name",
            "region": "eu-west-1",
            "tags": {
              "Name": "dev-proj-private-subnet-2"
            },
            "tags_all": {
              "Name": "dev-proj-private-subnet-2"
            },
            "timeouts": null,
            "vpc_id": "vpc-05ed43ac0ad31b3cf"
          },
          "sensitive_attributes": [],
          "identity_schema_version": 0,
          "identity": {
            "account_id": "590183986560",
            "id": "subnet-033e0426a3a44036c",
            "region": "eu-west-1"
          },
          "private": "eyJlMmJmYjczMC1lY2FhLTExZTYtOGY4OC0zNDM2M2JjN2M0YzAiOnsiY3JlYXRlIjo2MDAwMDAwMDAwMDAsImRlbGV0ZSI6MTIwMDAwMDAwMDAwMH0sInNjaGVtYV92ZXJzaW9uIjoiMSJ9",
          "dependencies": [
            "module.networking.aws_vpc.dev_proj_1_vpc_eu_central_1"
          ]
        }
      ]
    },
    {
      "module": "module.networking",
      "mode": "managed",
      "type": "aws_subnet",
      "name": "dev_proj_1_public_subnets",
      "provider": "provider[\"registry.terraform.io/hashicorp/aws\"]",
      "instances": [
        {
          "index_key": 0,
          "schema_version": 1,
          "attributes": {
            "arn": "arn:aws:ec2:eu-west-1:590183986560:subnet/subnet-0111372e6c1b61d66",
            "assign_ipv6_address_on_creation": false,
            "availability_zone": "eu-west-1a",
            "availability_zone_id": "euw1-az1",
            "cidr_block": "11.0.1.0/24",
            "customer_owned_ipv4_pool": "",
            "enable_dns64": false,
            "enable_lni_at_device_index": 0,
            "enable_resource_name_dns_a_record_on_launch": false,
            "enable_resource_name_dns_aaaa_record_on_launch": false,
            "id": "subnet-0111372e6c1b61d66",
            "ipv6_cidr_block": "",
            "ipv6_cidr_block_association_id": "",
            "ipv6_native": false,
            "map_customer_owned_ip_on_launch": false,
            "map_public_ip_on_launch": false,
            "outpost_arn": "",
            "owner_id": "590183986560",
            "private_dns_hostname_type_on_launch": "ip-name",
            "region": "eu-west-1",
            "tags": {
              "Name": "dev-proj-public-subnet-1"
            },
            "tags_all": {
              "Name": "dev-proj-public-subnet-1"
            },
            "timeouts": null,
            "vpc_id": "vpc-05ed43ac0ad31b3cf"
          },
          "sensitive_attributes": [],
          "identity_schema_version": 0,
          "identity": {
            "account_id": "590183986560",
            "id": "subnet-0111372e6c1b61d66",
            "region": "eu-west-1"
          },
          "private": "eyJlMmJmYjczMC1lY2FhLTExZTYtOGY4OC0zNDM2M2JjN2M0YzAiOnsiY3JlYXRlIjo2MDAwMDAwMDAwMDAsImRlbGV0ZSI6MTIwMDAwMDAwMDAwMH0sInNjaGVtYV92ZXJzaW9uIjoiMSJ9",
          "dependencies": [
            "module.networking.aws_vpc.dev_proj_1_vpc_eu_central_1"
          ]
        },
        {
          "index_key": 1,
          "schema_version": 1,
          "attributes": {
            "arn": "arn:aws:ec2:eu-west-1:590183986560:subnet/subnet-0287861b60d087f2f",
            "assign_ipv6_address_on_creation": false,
            "availability_zone": "eu-west-1b",
            "availability_zone_id": "euw1-az2",
            "cidr_block": "11.0.2.0/24",
            "customer_owned_ipv4_pool": "",
            "enable_dns64": false,
            "enable_lni_at_device_index": 0,
            "enable_resource_name_dns_a_record_on_launch": false,
            "enable_resource_name_dns_aaaa_record_on_launch": false,
            "id": "subnet-0287861b60d087f2f",
            "ipv6_cidr_block": "",
            "ipv6_cidr_block_association_id": "",
            "ipv6_native": false,
            "map_customer_owned_ip_on_launch": false,
            "map_public_ip_on_launch": false,
            "outpost_arn": "",
            "owner_id": "590183986560",
            "private_dns_hostname_type_on_launch": "ip-name",
            "region": "eu-west-1",
            "tags": {
              "Name": "dev-proj-public-subnet-2"
            },
            "tags_all": {
              "Name": "dev-proj-public-subnet-2"
            },
            "timeouts": null,
            "vpc_id": "vpc-05ed43ac0ad31b3cf"
          },
          "sensitive_attributes": [],
          "identity_schema_version": 0,
          "identity": {
            "account_id": "590183986560",
            "id": "subnet-0287861b60d087f2f",
            "region": "eu-west-1"
          },
          "private": "eyJlMmJmYjczMC1lY2FhLTExZTYtOGY4OC0zNDM2M2JjN2M0YzAiOnsiY3JlYXRlIjo2MDAwMDAwMDAwMDAsImRlbGV0ZSI6MTIwMDAwMDAwMDAwMH0sInNjaGVtYV92ZXJzaW9uIjoiMSJ9",
          "dependencies": [
            "module.networking.aws_vpc.dev_proj_1_vpc_eu_central_1"
          ]
        }
      ]
    },
    {
      "module": "module.networking",
      "mode": "managed",
      "type": "aws_vpc",
      "name": "dev_proj_1_vpc_eu_central_1",
      "provider": "provider[\"registry.terraform.io/hashicorp/aws\"]",
      "instances": [
        {
          "schema_version": 1,
          "attributes": {
            "arn": "arn:aws:ec2:eu-west-1:590183986560:vpc/vpc-05ed43ac0ad31b3cf",
            "assign_generated_ipv6_cidr_block": false,
            "cidr_block": "11.0.0.0/16",
            "default_network_acl_id": "acl-01e87d36588e5e1fd",
            "default_route_table_id": "rtb-09d048e85bce889ec",
            "default_security_group_id": "sg-0798c89f03ffafd0e",
            "dhcp_options_id": "dopt-0a849261de6912612",
            "enable_dns_hostnames": false,
            "enable_dns_support": true,
            "enable_network_address_usage_metrics": false,
            "id": "vpc-05ed43ac0ad31b3cf",
            "instance_tenancy": "default",
            "ipv4_ipam_pool_id": null,
            "ipv4_netmask_length": null,
            "ipv6_association_id": "",
            "ipv6_cidr_block": "",
            "ipv6_cidr_block_network_border_group": "",
            "ipv6_ipam_pool_id": "",
            "ipv6_netmask_length": 0,
            "main_route_table_id": "rtb-09d048e85bce889ec",
            "owner_id": "590183986560",
            "region": "eu-west-1",
            "tags": {
              "Name": "dev-proj-jenkins-eu-west-vpc-1"
            },
            "tags_all": {
              "Name": "dev-proj-jenkins-eu-west-vpc-1"
            }
          },
          "sensitive_attributes": [],
          "identity_schema_version": 0,
          "identity": {
            "account_id": "590183986560",
            "id": "vpc-05ed43ac0ad31b3cf",
            "region": "eu-west-1"
          },
          "private": "eyJzY2hlbWFfdmVyc2lvbiI6IjEifQ=="
        }
      ]
    },
    {
      "module": "module.security_group",
      "mode": "managed",
      "type": "aws_security_group",
      "name": "ec2_jenkins_port_8080",
      "provider": "provider[\"registry.terraform.io/hashicorp/aws\"]",
      "instances": [
        {
          "schema_version": 1,
          "attributes": {
            "arn": "arn:aws:ec2:eu-west-1:590183986560:security-group/sg-067183d98443204d9",
            "description": "Enable the Port 8080 for jenkins",
            "egress": [],
            "id": "sg-067183d98443204d9",
            "ingress": [
              {
                "cidr_blocks": [
                  "0.0.0.0/0"
                ],
                "description": "Allow 8080 port to access jenkins",
                "from_port": 8080,
                "ipv6_cidr_blocks": [],
                "prefix_list_ids": [],
                "protocol": "tcp",
                "security_groups": [],
                "self": false,
                "to_port": 8080
              }
            ],
            "name": "Allow port 8080 for jenkins access",
            "name_prefix": "",
            "owner_id": "590183986560",
            "region": "eu-west-1",
            "revoke_rules_on_delete": false,
            "tags": {
              "Name": "Security Groups to allow SSH(22) and HTTP(80)"
            },
            "tags_all": {
              "Name": "Security Groups to allow SSH(22) and HTTP(80)"
            },
            "timeouts": null,
            "vpc_id": "vpc-05ed43ac0ad31b3cf"
          },
          "sensitive_attributes": [],
          "identity_schema_version": 0,
          "identity": {
            "account_id": "590183986560",
            "id": "sg-067183d98443204d9",
            "region": "eu-west-1"
          },
          "private": "eyJlMmJmYjczMC1lY2FhLTExZTYtOGY4OC0zNDM2M2JjN2M0YzAiOnsiY3JlYXRlIjo2MDAwMDAwMDAwMDAsImRlbGV0ZSI6OTAwMDAwMDAwMDAwfSwic2NoZW1hX3ZlcnNpb24iOiIxIn0=",
          "dependencies": [
            "module.networking.aws_vpc.dev_proj_1_vpc_eu_central_1"
          ]
        }
      ]
    },
    {
      "module": "module.security_group",
      "mode": "managed",
      "type": "aws_security_group",
      "name": "ec2_sg_ssh_http",
      "provider": "provider[\"registry.terraform.io/hashicorp/aws\"]",
      "instances": [
        {
          "schema_version": 1,
          "attributes": {
            "arn": "arn:aws:ec2:eu-west-1:590183986560:security-group/sg-0d54fb5df344256e4",
            "description": "Enable the Port 22 and Port 80 for ssh and http respectively",
            "egress": [
              {
                "cidr_blocks": [
                  "0.0.0.0/0"
                ],
                "description": "Allow outgoing request",
                "from_port": 0,
                "ipv6_cidr_blocks": [],
                "prefix_list_ids": [],
                "protocol": "-1",
                "security_groups": [],
                "self": false,
                "to_port": 0
              }
            ],
            "id": "sg-0d54fb5df344256e4",
            "ingress": [
              {
                "cidr_blocks": [
                  "0.0.0.0/0"
                ],
                "description": "Allow HTTP request from anywhere",
                "from_port": 443,
                "ipv6_cidr_blocks": [],
                "prefix_list_ids": [],
                "protocol": "tcp",
                "security_groups": [],
                "self": false,
                "to_port": 443
              },
              {
                "cidr_blocks": [
                  "0.0.0.0/0"
                ],
                "description": "Allow HTTP request from anywhere",
                "from_port": 80,
                "ipv6_cidr_blocks": [],
                "prefix_list_ids": [],
                "protocol": "tcp",
                "security_groups": [],
                "self": false,
                "to_port": 80
              },
              {
                "cidr_blocks": [
                  "0.0.0.0/0"
                ],
                "description": "Allow remote ssh from anywhere",
                "from_port": 22,
                "ipv6_cidr_blocks": [],
                "prefix_list_ids": [],
                "protocol": "tcp",
                "security_groups": [],
                "self": false,
                "to_port": 22
              }
            ],
            "name": "dev-proj-1-jenkins-ec2-sg",
            "name_prefix": "",
            "owner_id": "590183986560",
            "region": "eu-west-1",
            "revoke_rules_on_delete": false,
            "tags": {
              "Name": "Security Groups to allow SSH(22) and HTTP(80)"
            },
            "tags_all": {
              "Name": "Security Groups to allow SSH(22) and HTTP(80)"
            },
            "timeouts": null,
            "vpc_id": "vpc-05ed43ac0ad31b3cf"
          },
          "sensitive_attributes": [],
          "identity_schema_version": 0,
          "identity": {
            "account_id": "590183986560",
            "id": "sg-0d54fb5df344256e4",
            "region": "eu-west-1"
          },
          "private": "eyJlMmJmYjczMC1lY2FhLTExZTYtOGY4OC0zNDM2M2JjN2M0YzAiOnsiY3JlYXRlIjo2MDAwMDAwMDAwMDAsImRlbGV0ZSI6OTAwMDAwMDAwMDAwfSwic2NoZW1hX3ZlcnNpb24iOiIxIn0=",
          "dependencies": [
            "module.networking.aws_vpc.dev_proj_1_vpc_eu_central_1"
          ]
        }
      ]
    }
  ],
  "check_results": null
}
